
Microsoft Visual Studio Solution File, Format Version 12.00
# Visual Studio 15
Project("{FAE04EC0-301F-11D3-BF4B-00C04F79EFBC}") = "WebBrowser", "WebBrowser\WebBrowser.csproj", "{CAB05535-5606-46E2-A5CC-DB470A2D9C13}"
EndProject
Global
	GlobalSection(SolutionConfigurationPlatforms) = preSolution
		Debug|anycpu = Debug|anycpu
		Release|anycpu = Release|anycpu
	EndGlobalSection
	GlobalSection(ProjectConfigurationPlatforms) = postSolution
		{CAB05535-5606-46E2-A5CC-DB470A2D9C13}.Debug|anycpu.ActiveCfg = Debug|anycpu
		{CAB05535-5606-46E2-A5CC-DB470A2D9C13}.Debug|anycpu.Build.0 = Debug|anycpu
		{CAB05535-5606-46E2-A5CC-DB470A2D9C13}.Release|anycpu.ActiveCfg = Release|anycpu
		{CAB05535-5606-46E2-A5CC-DB470A2D9C13}.Release|anycpu.Build.0 = Release|anycpu
	EndGlobalSection
EndGlobal
